
Microsoft Visual Studio Solution File, Format Version 12.00
# Visual Studio Version 17
VisualStudioVersion = 17.0.31903.59
MinimumVisualStudioVersion = 10.0.40219.1
Project("{FAE04EC0-301F-11D3-BF4B-00C04F79EFBC}") = "my_Water", "my_Water\my_Water.csproj", "{B3364840-B70C-4C25-AF66-ABFBD233A20C}"
EndProject
Global
	GlobalSection(SolutionConfigurationPlatforms) = preSolution
		Debug|Any CPU = Debug|Any CPU
		Release|Any CPU = Release|Any CPU
	EndGlobalSection
	GlobalSection(SolutionProperties) = preSolution
		HideSolutionNode = FALSE
	EndGlobalSection
	GlobalSection(ProjectConfigurationPlatforms) = postSolution
		{B3364840-B70C-4C25-AF66-ABFBD233A20C}.Debug|Any CPU.ActiveCfg = Debug|Any CPU
		{B3364840-B70C-4C25-AF66-ABFBD233A20C}.Debug|Any CPU.Build.0 = Debug|Any CPU
		{B3364840-B70C-4C25-AF66-ABFBD233A20C}.Release|Any CPU.ActiveCfg = Release|Any CPU
		{B3364840-B70C-4C25-AF66-ABFBD233A20C}.Release|Any CPU.Build.0 = Release|Any CPU
	EndGlobalSection
EndGlobal
